// !$*UTF8*$!
{
	archiveVersion = 1;
	classes = {
	};
	objectVersion = 50;
	objects = {

/* Begin PBXBuildFile section */
		C940732A23B04E560041CA31 /* AppDelegate.swift in Sources */ = {isa = PBXBuildFile; fileRef = C940732923B04E560041CA31 /* AppDelegate.swift */; };
		C940732C23B04E560041CA31 /* SceneDelegate.swift in Sources */ = {isa = PBXBuildFile; fileRef = C940732B23B04E560041CA31 /* SceneDelegate.swift */; };
		C940732E23B04E560041CA31 /* ContentView.swift in Sources */ = {isa = PBXBuildFile; fileRef = C940732D23B04E560041CA31 /* ContentView.swift */; };
		C940733023B04E570041CA31 /* Assets.xcassets in Resources */ = {isa = PBXBuildFile; fileRef = C940732F23B04E570041CA31 /* Assets.xcassets */; };
		C940733323B04E570041CA31 /* Preview Assets.xcassets in Resources */ = {isa = PBXBuildFile; fileRef = C940733223B04E570041CA31 /* Preview Assets.xcassets */; };
		C940733623B04E570041CA31 /* LaunchScreen.storyboard in Resources */ = {isa = PBXBuildFile; fileRef = C940733423B04E570041CA31 /* LaunchScreen.storyboard */; };
		C940734123B04EB70041CA31 /* AddTodoView.swift in Sources */ = {isa = PBXBuildFile; fileRef = C940734023B04EB70041CA31 /* AddTodoView.swift */; };
		C940734323B051FE0041CA31 /* TodoItem.swift in Sources */ = {isa = PBXBuildFile; fileRef = C940734223B051FE0041CA31 /* TodoItem.swift */; };
		C940734523B052B60041CA31 /* TodoAction.swift in Sources */ = {isa = PBXBuildFile; fileRef = C940734423B052B60041CA31 /* TodoAction.swift */; };
		C940734923B053660041CA31 /* TodoReducer.swift in Sources */ = {isa = PBXBuildFile; fileRef = C940734823B053660041CA31 /* TodoReducer.swift */; };
		C940734B23B056410041CA31 /* Store.swift in Sources */ = {isa = PBXBuildFile; fileRef = C940734A23B056410041CA31 /* Store.swift */; };
		C940734D23B059610041CA31 /* TodoListView.swift in Sources */ = {isa = PBXBuildFile; fileRef = C940734C23B059610041CA31 /* TodoListView.swift */; };
/* End PBXBuildFile section */

/* Begin PBXFileReference section */
		C940732623B04E560041CA31 /* TodoAppSwiftUI.app */ = {isa = PBXFileReference; explicitFileType = wrapper.application; includeInIndex = 0; path = TodoAppSwiftUI.app; sourceTree = BUILT_PRODUCTS_DIR; };
		C940732923B04E560041CA31 /* AppDelegate.swift */ = {isa = PBXFileReference; lastKnownFileType = sourcecode.swift; path = AppDelegate.swift; sourceTree = "<group>"; };
		C940732B23B04E560041CA31 /* SceneDelegate.swift */ = {isa = PBXFileReference; lastKnownFileType = sourcecode.swift; path = SceneDelegate.swift; sourceTree = "<group>"; };
		C940732D23B04E560041CA31 /* ContentView.swift */ = {isa = PBXFileReference; lastKnownFileType = sourcecode.swift; path = ContentView.swift; sourceTree = "<group>"; };
		C940732F23B04E570041CA31 /* Assets.xcassets */ = {isa = PBXFileReference; lastKnownFileType = folder.assetcatalog; path = Assets.xcassets; sourceTree = "<group>"; };
		C940733223B04E570041CA31 /* Preview Assets.xcassets */ = {isa = PBXFileReference; lastKnownFileType = folder.assetcatalog; path = "Preview Assets.xcassets"; sourceTree = "<group>"; };
		C940733523B04E570041CA31 /* Base */ = {isa = PBXFileReference; lastKnownFileType = file.storyboard; name = Base; path = Base.lproj/LaunchScreen.storyboard; sourceTree = "<group>"; };
		C940733723B04E570041CA31 /* Info.plist */ = {isa = PBXFileReference; lastKnownFileType = text.plist.xml; path = Info.plist; sourceTree = "<group>"; };
		C940734023B04EB70041CA31 /* AddTodoView.swift */ = {isa = PBXFileReference; lastKnownFileType = sourcecode.swift; path = AddTodoView.swift; sourceTree = "<group>"; };
		C940734223B051FE0041CA31 /* TodoItem.swift */ = {isa = PBXFileReference; lastKnownFileType = sourcecode.swift; path = TodoItem.swift; sourceTree = "<group>"; };
		C940734423B052B60041CA31 /* TodoAction.swift */ = {isa = PBXFileReference; lastKnownFileType = sourcecode.swift; path = TodoAction.swift; sourceTree = "<group>"; };
		C940734823B053660041CA31 /* TodoReducer.swift */ = {isa = PBXFileReference; lastKnownFileType = sourcecode.swift; path = TodoReducer.swift; sourceTree = "<group>"; };
		C940734A23B056410041CA31 /* Store.swift */ = {isa = PBXFileReference; lastKnownFileType = sourcecode.swift; path = Store.swift; sourceTree = "<group>"; };
		C940734C23B059610041CA31 /* TodoListView.swift */ = {isa = PBXFileReference; lastKnownFileType = sourcecode.swift; path = TodoListView.swift; sourceTree = "<group>"; };
/* End PBXFileReference section */

/* Begin PBXFrameworksBuildPhase section */
		C940732323B04E560041CA31 /* Frameworks */ = {
			isa = PBXFrameworksBuildPhase;
			buildActionMask = 2147483647;
			files = (
			);
			runOnlyForDeploymentPostprocessing = 0;
		};
/* End PBXFrameworksBuildPhase section */

/* Begin PBXGroup section */
		C940731D23B04E560041CA31 = {
			isa = PBXGroup;
			children = (
				C940732823B04E560041CA31 /* TodoAppSwiftUI */,
				C940732723B04E560041CA31 /* Products */,
			);
			sourceTree = "<group>";
		};
		C940732723B04E560041CA31 /* Products */ = {
			isa = PBXGroup;
			children = (
				C940732623B04E560041CA31 /* TodoAppSwiftUI.app */,
			);
			name = Products;
			sourceTree = "<group>";
		};
		C940732823B04E560041CA31 /* TodoAppSwiftUI */ = {
			isa = PBXGroup;
			children = (
				C940733F23B04E7C0041CA31 /* Controller */,
				C940733E23B04E740041CA31 /* Model */,
				C940733D23B04E6D0041CA31 /* Views */,
				C940732923B04E560041CA31 /* AppDelegate.swift */,
				C940732B23B04E560041CA31 /* SceneDelegate.swift */,
				C940732F23B04E570041CA31 /* Assets.xcassets */,
				C940733423B04E570041CA31 /* LaunchScreen.storyboard */,
				C940733723B04E570041CA31 /* Info.plist */,
				C940733123B04E570041CA31 /* Preview Content */,
			);
			path = TodoAppSwiftUI;
			sourceTree = "<group>";
		};
		C940733123B04E570041CA31 /* Preview Content */ = {
			isa = PBXGroup;
			children = (
				C940733223B04E570041CA31 /* Preview Assets.xcassets */,
			);
			path = "Preview Content";
			sourceTree = "<group>";
		};
		C940733D23B04E6D0041CA31 /* Views */ = {
			isa = PBXGroup;
			children = (
				C940734023B04EB70041CA31 /* AddTodoView.swift */,
				C940732D23B04E560041CA31 /* ContentView.swift */,
				C940734C23B059610041CA31 /* TodoListView.swift */,
			);
			path = Views;
			sourceTree = "<group>";
		};
		C940733E23B04E740041CA31 /* Model */ = {
			isa = PBXGroup;
			children = (
				C940734223B051FE0041CA31 /* TodoItem.swift */,
			);
			path = Model;
			sourceTree = "<group>";
		};
		C940733F23B04E7C0041CA31 /* Controller */ = {
			isa = PBXGroup;
			children = (
				C940734423B052B60041CA31 /* TodoAction.swift */,
				C940734823B053660041CA31 /* TodoReducer.swift */,
				C940734A23B056410041CA31 /* Store.swift */,
			);
			path = Controller;
			sourceTree = "<group>";
		};
/* End PBXGroup section */

/* Begin PBXNativeTarget section */
		C940732523B04E560041CA31 /* TodoAppSwiftUI */ = {
			isa = PBXNativeTarget;
			buildConfigurationList = C940733A23B04E570041CA31 /* Build configuration list for PBXNativeTarget "TodoAppSwiftUI" */;
			buildPhases = (
				C940732223B04E560041CA31 /* Sources */,
				C940732323B04E560041CA31 /* Frameworks */,
				C940732423B04E560041CA31 /* Resources */,
			);
			buildRules = (
			);
			dependencies = (
			);
			name = TodoAppSwiftUI;
			productName = TodoAppSwiftUI;
			productReference = C940732623B04E560041CA31 /* TodoAppSwiftUI.app */;
			productType = "com.apple.product-type.application";
		};
/* End PBXNativeTarget section */

/* Begin PBXProject section */
		C940731E23B04E560041CA31 /* Project object */ = {
			isa = PBXProject;
			attributes = {
				LastSwiftUpdateCheck = 1120;
				LastUpgradeCheck = 1120;
				ORGANIZATIONNAME = "Vinh Nguyen Dinh";
				TargetAttributes = {
					C940732523B04E560041CA31 = {
						CreatedOnToolsVersion = 11.2.1;
					};
				};
			};
			buildConfigurationList = C940732123B04E560041CA31 /* Build configuration list for PBXProject "TodoAppSwiftUI" */;
			compatibilityVersion = "Xcode 9.3";
			developmentRegion = en;
			hasScannedForEncodings = 0;
			knownRegions = (
				en,
				Base,
			);
			mainGroup = C940731D23B04E560041CA31;
			productRefGroup = C940732723B04E560041CA31 /* Products */;
			projectDirPath = "";
			projectRoot = "";
			targets = (
				C940732523B04E560041CA31 /* TodoAppSwiftUI */,
			);
		};
/* End PBXProject section */

/* Begin PBXResourcesBuildPhase section */
		C940732423B04E560041CA31 /* Resources */ = {
			isa = PBXResourcesBuildPhase;
			buildActionMask = 2147483647;
			files = (
				C940733623B04E570041CA31 /* LaunchScreen.storyboard in Resources */,
				C940733323B04E570041CA31 /* Preview Assets.xcassets in Resources */,
				C940733023B04E570041CA31 /* Assets.xcassets in Resources */,
			);
			runOnlyForDeploymentPostprocessing = 0;
		};
/* End PBXResourcesBuildPhase section */

/* Begin PBXSourcesBuildPhase section */
		C940732223B04E560041CA31 /* Sources */ = {
			isa = PBXSourcesBuildPhase;
			buildActionMask = 2147483647;
			files = (
				C940734323B051FE0041CA31 /* TodoItem.swift in Sources */,
				C940734523B052B60041CA31 /* TodoAction.swift in Sources */,
				C940732A23B04E560041CA31 /* AppDelegate.swift in Sources */,
				C940734B23B056410041CA31 /* Store.swift in Sources */,
				C940732C23B04E560041CA31 /* SceneDelegate.swift in Sources */,
				C940734D23B059610041CA31 /* TodoListView.swift in Sources */,
				C940734123B04EB70041CA31 /* AddTodoView.swift in Sources */,
				C940734923B053660041CA31 /* TodoReducer.swift in Sources */,
				C940732E23B04E560041CA31 /* ContentView.swift in Sources */,
			);
			runOnlyForDeploymentPostprocessing = 0;
		};
/* End PBXSourcesBuildPhase section */

/* Begin PBXVariantGroup section */
		C940733423B04E570041CA31 /* LaunchScreen.storyboard */ = {
			isa = PBXVariantGroup;
			children = (
				C940733523B04E570041CA31 /* Base */,
			);
			name = LaunchScreen.storyboard;
			sourceTree = "<group>";
		};
/* End PBXVariantGroup section */

/* Begin XCBuildConfiguration section */
		C940733823B04E570041CA31 /* Debug */ = {
			isa = XCBuildConfiguration;
			buildSettings = {
				ALWAYS_SEARCH_USER_PATHS = NO;
				CLANG_ANALYZER_NONNULL = YES;
				CLANG_ANALYZER_NUMBER_OBJECT_CONVERSION = YES_AGGRESSIVE;
				CLANG_CXX_LANGUAGE_STANDARD = "gnu++14";
				CLANG_CXX_LIBRARY = "libc++";
				CLANG_ENABLE_MODULES = YES;
				CLANG_ENABLE_OBJC_ARC = YES;
				CLANG_ENABLE_OBJC_WEAK = YES;
				CLANG_WARN_BLOCK_CAPTURE_AUTORELEASING = YES;
				CLANG_WARN_BOOL_CONVERSION = YES;
				CLANG_WARN_COMMA = YES;
				CLANG_WARN_CONSTANT_CONVERSION = YES;
				CLANG_WARN_DEPRECATED_OBJC_IMPLEMENTATIONS = YES;
				CLANG_WARN_DIRECT_OBJC_ISA_USAGE = YES_ERROR;
				CLANG_WARN_DOCUMENTATION_COMMENTS = YES;
				CLANG_WARN_EMPTY_BODY = YES;
				CLANG_WARN_ENUM_CONVERSION = YES;
				CLANG_WARN_INFINITE_RECURSION = YES;
				CLANG_WARN_INT_CONVERSION = YES;
				CLANG_WARN_NON_LITERAL_NULL_CONVERSION = YES;
				CLANG_WARN_OBJC_IMPLICIT_RETAIN_SELF = YES;
				CLANG_WARN_OBJC_LITERAL_CONVERSION = YES;
				CLANG_WARN_OBJC_ROOT_CLASS = YES_ERROR;
				CLANG_WARN_RANGE_LOOP_ANALYSIS = YES;
				CLANG_WARN_STRICT_PROTOTYPES = YES;
				CLANG_WARN_SUSPICIOUS_MOVE = YES;
				CLANG_WARN_UNGUARDED_AVAILABILITY = YES_AGGRESSIVE;
				CLANG_WARN_UNREACHABLE_CODE = YES;
				CLANG_WARN__DUPLICATE_METHOD_MATCH = YES;
				COPY_PHASE_STRIP = NO;
				DEBUG_INFORMATION_FORMAT = dwarf;
				ENABLE_STRICT_OBJC_MSGSEND = YES;
				ENABLE_TESTABILITY = YES;
				GCC_C_LANGUAGE_STANDARD = gnu11;
				GCC_DYNAMIC_NO_PIC = NO;
				GCC_NO_COMMON_BLOCKS = YES;
				GCC_OPTIMIZATION_LEVEL = 0;
				GCC_PREPROCESSOR_DEFINITIONS = (
					"DEBUG=1",
					"$(inherited)",
				);
				GCC_WARN_64_TO_32_BIT_CONVERSION = YES;
				GCC_WARN_ABOUT_RETURN_TYPE = YES_ERROR;
				GCC_WARN_UNDECLARED_SELECTOR = YES;
				GCC_WARN_UNINITIALIZED_AUTOS = YES_AGGRESSIVE;
				GCC_WARN_UNUSED_FUNCTION = YES;
				GCC_WARN_UNUSED_VARIABLE = YES;
				IPHONEOS_DEPLOYMENT_TARGET = 13.2;
				MTL_ENABLE_DEBUG_INFO = INCLUDE_SOURCE;
				MTL_FAST_MATH = YES;
				ONLY_ACTIVE_ARCH = YES;
				SDKROOT = iphoneos;
				SWIFT_ACTIVE_COMPILATION_CONDITIONS = DEBUG;
				SWIFT_OPTIMIZATION_LEVEL = "-Onone";
			};
			name = Debug;
		};
		C940733923B04E570041CA31 /* Release */ = {
			isa = XCBuildConfiguration;
			buildSettings = {
				ALWAYS_SEARCH_USER_PATHS = NO;
				CLANG_ANALYZER_NONNULL = YES;
				CLANG_ANALYZER_NUMBER_OBJECT_CONVERSION = YES_AGGRESSIVE;
				CLANG_CXX_LANGUAGE_STANDARD = "gnu++14";
				CLANG_CXX_LIBRARY = "libc++";
				CLANG_ENABLE_MODULES = YES;
				CLANG_ENABLE_OBJC_ARC = YES;
				CLANG_ENABLE_OBJC_WEAK = YES;
				CLANG_WARN_BLOCK_CAPTURE_AUTORELEASING = YES;
				CLANG_WARN_BOOL_CONVERSION = YES;
				CLANG_WARN_COMMA = YES;
				CLANG_WARN_CONSTANT_CONVERSION = YES;
				CLANG_WARN_DEPRECATED_OBJC_IMPLEMENTATIONS = YES;
				CLANG_WARN_DIRECT_OBJC_ISA_USAGE = YES_ERROR;
				CLANG_WARN_DOCUMENTATION_COMMENTS = YES;
				CLANG_WARN_EMPTY_BODY = YES;
				CLANG_WARN_ENUM_CONVERSION = YES;
				CLANG_WARN_INFINITE_RECURSION = YES;
				CLANG_WARN_INT_CONVERSION = YES;
				CLANG_WARN_NON_LITERAL_NULL_CONVERSION = YES;
				CLANG_WARN_OBJC_IMPLICIT_RETAIN_SELF = YES;
				CLANG_WARN_OBJC_LITERAL_CONVERSION = YES;
				CLANG_WARN_OBJC_ROOT_CLASS = YES_ERROR;
				CLANG_WARN_RANGE_LOOP_ANALYSIS = YES;
				CLANG_WARN_STRICT_PROTOTYPES = YES;
				CLANG_WARN_SUSPICIOUS_MOVE = YES;
				CLANG_WARN_UNGUARDED_AVAILABILITY = YES_AGGRESSIVE;
				CLANG_WARN_UNREACHABLE_CODE = YES;
				CLANG_WARN__DUPLICATE_METHOD_MATCH = YES;
				COPY_PHASE_STRIP = NO;
				DEBUG_INFORMATION_FORMAT = "dwarf-with-dsym";
				ENABLE_NS_ASSERTIONS = NO;
				ENABLE_STRICT_OBJC_MSGSEND = YES;
				GCC_C_LANGUAGE_STANDARD = gnu11;
				GCC_NO_COMMON_BLOCKS = YES;
				GCC_WARN_64_TO_32_BIT_CONVERSION = YES;
				GCC_WARN_ABOUT_RETURN_TYPE = YES_ERROR;
				GCC_WARN_UNDECLARED_SELECTOR = YES;
				GCC_WARN_UNINITIALIZED_AUTOS = YES_AGGRESSIVE;
				GCC_WARN_UNUSED_FUNCTION = YES;
				GCC_WARN_UNUSED_VARIABLE = YES;
				IPHONEOS_DEPLOYMENT_TARGET = 13.2;
				MTL_ENABLE_DEBUG_INFO = NO;
				MTL_FAST_MATH = YES;
				SDKROOT = iphoneos;
				SWIFT_COMPILATION_MODE = wholemodule;
				SWIFT_OPTIMIZATION_LEVEL = "-O";
				VALIDATE_PRODUCT = YES;
			};
			name = Release;
		};
		C940733B23B04E570041CA31 /* Debug */ = {
			isa = XCBuildConfiguration;
			buildSettings = {
				ASSETCATALOG_COMPILER_APPICON_NAME = AppIcon;
				CODE_SIGN_STYLE = Automatic;
				DEVELOPMENT_ASSET_PATHS = "\"TodoAppSwiftUI/Preview Content\"";
				ENABLE_PREVIEWS = YES;
				INFOPLIST_FILE = TodoAppSwiftUI/Info.plist;
				LD_RUNPATH_SEARCH_PATHS = (
					"$(inherited)",
					"@executable_path/Frameworks",
				);
				PRODUCT_BUNDLE_IDENTIFIER = net.goodcycle.TodoAppSwiftUI;
				PRODUCT_NAME = "$(TARGET_NAME)";
				SWIFT_VERSION = 5.0;
				TARGETED_DEVICE_FAMILY = "1,2";
			};
			name = Debug;
		};
		C940733C23B04E570041CA31 /* Release */ = {
			isa = XCBuildConfiguration;
			buildSettings = {
				ASSETCATALOG_COMPILER_APPICON_NAME = AppIcon;
				CODE_SIGN_STYLE = Automatic;
				DEVELOPMENT_ASSET_PATHS = "\"TodoAppSwiftUI/Preview Content\"";
				ENABLE_PREVIEWS = YES;
				INFOPLIST_FILE = TodoAppSwiftUI/Info.plist;
				LD_RUNPATH_SEARCH_PATHS = (
					"$(inherited)",
					"@executable_path/Frameworks",
				);
				PRODUCT_BUNDLE_IDENTIFIER = net.goodcycle.TodoAppSwiftUI;
				PRODUCT_NAME = "$(TARGET_NAME)";
				SWIFT_VERSION = 5.0;
				TARGETED_DEVICE_FAMILY = "1,2";
			};
			name = Release;
		};
/* End XCBuildConfiguration section */

/* Begin XCConfigurationList section */
		C940732123B04E560041CA31 /* Build configuration list for PBXProject "TodoAppSwiftUI" */ = {
			isa = XCConfigurationList;
			buildConfigurations = (
				C940733823B04E570041CA31 /* Debug */,
				C940733923B04E570041CA31 /* Release */,
			);
			defaultConfigurationIsVisible = 0;
			defaultConfigurationName = Release;
		};
		C940733A23B04E570041CA31 /* Build configuration list for PBXNativeTarget "TodoAppSwiftUI" */ = {
			isa = XCConfigurationList;
			buildConfigurations = (
				C940733B23B04E570041CA31 /* Debug */,
				C940733C23B04E570041CA31 /* Release */,
			);
			defaultConfigurationIsVisible = 0;
			defaultConfigurationName = Release;
		};
/* End XCConfigurationList section */
	};
	rootObject = C940731E23B04E560041CA31 /* Project object */;
}
